
Microsoft Visual Studio Solution File, Format Version 12.00
# Visual Studio Version 17
VisualStudioVersion = 17.14.36616.10 d17.14
MinimumVisualStudioVersion = 10.0.40219.1
Project("{FAE04EC0-301F-11D3-BF4B-00C04F79EFBC}") = "MonsterCostumeAdo", "MonsterCostumeAdo\MonsterCostumeAdo.csproj", "{C7DACBA6-A93D-4058-B3AC-318059F4CD7D}"
EndProject
Global
	GlobalSection(SolutionConfigurationPlatforms) = preSolution
		Debug|Any CPU = Debug|Any CPU
		Release|Any CPU = Release|Any CPU
	EndGlobalSection
	GlobalSection(ProjectConfigurationPlatforms) = postSolution
		{C7DACBA6-A93D-4058-B3AC-318059F4CD7D}.Debug|Any CPU.ActiveCfg = Debug|Any CPU
		{C7DACBA6-A93D-4058-B3AC-318059F4CD7D}.Debug|Any CPU.Build.0 = Debug|Any CPU
		{C7DACBA6-A93D-4058-B3AC-318059F4CD7D}.Release|Any CPU.ActiveCfg = Release|Any CPU
		{C7DACBA6-A93D-4058-B3AC-318059F4CD7D}.Release|Any CPU.Build.0 = Release|Any CPU
	EndGlobalSection
	GlobalSection(SolutionProperties) = preSolution
		HideSolutionNode = FALSE
	EndGlobalSection
	GlobalSection(ExtensibilityGlobals) = postSolution
		SolutionGuid = {FFA4F1DE-79CE-4CC6-895C-0ACBDEE6BF73}
	EndGlobalSection
EndGlobal
